[root]
name = "harvey"
version = "0.0.0"
dependencies = [
 "cell-gc 0.1.1 (git+https://github.com/jorendorff/rust-toy-gc)",
 "readline 0.2.0 (git+https://github.com/shaleh/rust-readline)",
]

[[package]]
name = "bit-vec"
version = "0.4.3"
source = "registry+https://github.com/rust-lang/crates.io-index"

[[package]]
name = "cell-gc"
version = "0.1.1"
source = "git+https://github.com/jorendorff/rust-toy-gc#55bac0be7c155c8ec05a80cf5055bb87351fee8b"
dependencies = [
 "bit-vec 0.4.3 (registry+https://github.com/rust-lang/crates.io-index)",
]

[[package]]
name = "libc"
version = "0.2.5"
source = "registry+https://github.com/rust-lang/crates.io-index"

[[package]]
name = "readline"
version = "0.2.0"
source = "git+https://github.com/shaleh/rust-readline#7e1372cd0fdc7a6b53171e2fb893db46bae2deb2"
dependencies = [
 "libc 0.2.5 (registry+https://github.com/rust-lang/crates.io-index)",
]

