[root]
name = "harvey"
version = "0.0.0"
dependencies = [
 "readline 0.2.0 (git+https://github.com/shaleh/rust-readline)",
 "toy-gc 0.1.0 (git+https://github.com/jorendorff/rust-toy-gc)",
]

[[package]]
name = "bit-vec"
version = "0.4.3"
source = "registry+https://github.com/rust-lang/crates.io-index"

[[package]]
name = "libc"
version = "0.2.5"
source = "registry+https://github.com/rust-lang/crates.io-index"

[[package]]
name = "readline"
version = "0.2.0"
source = "git+https://github.com/shaleh/rust-readline#7e1372cd0fdc7a6b53171e2fb893db46bae2deb2"
dependencies = [
 "libc 0.2.5 (registry+https://github.com/rust-lang/crates.io-index)",
]

[[package]]
name = "toy-gc"
version = "0.1.0"
source = "git+https://github.com/jorendorff/rust-toy-gc#4de68c5d4926e4166265deadb9e0ae5a3382c3c0"
dependencies = [
 "bit-vec 0.4.3 (registry+https://github.com/rust-lang/crates.io-index)",
]

